
Microsoft Visual Studio Solution File, Format Version 12.00
# Visual Studio Version 17
VisualStudioVersion = 17.14.36603.0 d17.14
MinimumVisualStudioVersion = 10.0.40219.1
Project("{FAE04EC0-301F-11D3-BF4B-00C04F79EFBC}") = "StudentAccounting", "StudentAccounting\StudentAccounting.csproj", "{B96A027D-1398-43C4-8358-4A06CC57190C}"
EndProject
Global
	GlobalSection(SolutionConfigurationPlatforms) = preSolution
		Debug|Any CPU = Debug|Any CPU
		Release|Any CPU = Release|Any CPU
	EndGlobalSection
	GlobalSection(ProjectConfigurationPlatforms) = postSolution
		{B96A027D-1398-43C4-8358-4A06CC57190C}.Debug|Any CPU.ActiveCfg = Debug|Any CPU
		{B96A027D-1398-43C4-8358-4A06CC57190C}.Debug|Any CPU.Build.0 = Debug|Any CPU
		{B96A027D-1398-43C4-8358-4A06CC57190C}.Release|Any CPU.ActiveCfg = Release|Any CPU
		{B96A027D-1398-43C4-8358-4A06CC57190C}.Release|Any CPU.Build.0 = Release|Any CPU
	EndGlobalSection
	GlobalSection(SolutionProperties) = preSolution
		HideSolutionNode = FALSE
	EndGlobalSection
	GlobalSection(ExtensibilityGlobals) = postSolution
		SolutionGuid = {EFE5A88B-4202-4937-82E2-077B56209720}
	EndGlobalSection
EndGlobal
